// !$*UTF8*$!
{
	archiveVersion = 1;
	classes = {
	};
	objectVersion = 50;
	objects = {

/* Begin PBXBuildFile section */
		B38E039E25C5A49800EF4813 /* QueryView.swift in Sources */ = {isa = PBXBuildFile; fileRef = B38E039D25C5A49800EF4813 /* QueryView.swift */; };
		B38E03A325C5A4A500EF4813 /* DatasetsView.swift in Sources */ = {isa = PBXBuildFile; fileRef = B38E03A225C5A4A500EF4813 /* DatasetsView.swift */; };
		B38E03AB25C5B8F000EF4813 /* DataDirectory.swift in Sources */ = {isa = PBXBuildFile; fileRef = B38E03AA25C5B8F000EF4813 /* DataDirectory.swift */; };
		B3AB2DC225C5DE640014FF18 /* URL+.swift in Sources */ = {isa = PBXBuildFile; fileRef = B3AB2DC125C5DE640014FF18 /* URL+.swift */; };
		B3DB621F25C305940038826E /* OsmPoi_for_MacOSApp.swift in Sources */ = {isa = PBXBuildFile; fileRef = B3DB621E25C305940038826E /* OsmPoi_for_MacOSApp.swift */; };
		B3DB622125C305940038826E /* ContentView.swift in Sources */ = {isa = PBXBuildFile; fileRef = B3DB622025C305940038826E /* ContentView.swift */; };
		B3DB622325C305960038826E /* Assets.xcassets in Resources */ = {isa = PBXBuildFile; fileRef = B3DB622225C305960038826E /* Assets.xcassets */; };
		B3DB622625C305960038826E /* Preview Assets.xcassets in Resources */ = {isa = PBXBuildFile; fileRef = B3DB622525C305960038826E /* Preview Assets.xcassets */; };
		B3DB623225C305960038826E /* OsmPoi_for_MacOSTests.swift in Sources */ = {isa = PBXBuildFile; fileRef = B3DB623125C305960038826E /* OsmPoi_for_MacOSTests.swift */; };
		B3DB623D25C305960038826E /* OsmPoi_for_MacOSUITests.swift in Sources */ = {isa = PBXBuildFile; fileRef = B3DB623C25C305960038826E /* OsmPoi_for_MacOSUITests.swift */; };
		B3FAC81325C6DDDC00C220CD /* libosmpoi.dylib in Frameworks */ = {isa = PBXBuildFile; fileRef = B391AA8A25C4028300223132 /* libosmpoi.dylib */; };
		B3FAC81425C6DDDC00C220CD /* libosmpoi.dylib in Embed Libraries */ = {isa = PBXBuildFile; fileRef = B391AA8A25C4028300223132 /* libosmpoi.dylib */; settings = {ATTRIBUTES = (CodeSignOnCopy, ); }; };
/* End PBXBuildFile section */

/* Begin PBXContainerItemProxy section */
		B3DB622E25C305960038826E /* PBXContainerItemProxy */ = {
			isa = PBXContainerItemProxy;
			containerPortal = B3DB621325C305940038826E /* Project object */;
			proxyType = 1;
			remoteGlobalIDString = B3DB621A25C305940038826E;
			remoteInfo = "OsmPoi for MacOS";
		};
		B3DB623925C305960038826E /* PBXContainerItemProxy */ = {
			isa = PBXContainerItemProxy;
			containerPortal = B3DB621325C305940038826E /* Project object */;
			proxyType = 1;
			remoteGlobalIDString = B3DB621A25C305940038826E;
			remoteInfo = "OsmPoi for MacOS";
		};
/* End PBXContainerItemProxy section */

/* Begin PBXCopyFilesBuildPhase section */
		B3FAC81525C6DDDC00C220CD /* Embed Libraries */ = {
			isa = PBXCopyFilesBuildPhase;
			buildActionMask = 2147483647;
			dstPath = "";
			dstSubfolderSpec = 10;
			files = (
				B3FAC81425C6DDDC00C220CD /* libosmpoi.dylib in Embed Libraries */,
			);
			name = "Embed Libraries";
			runOnlyForDeploymentPostprocessing = 0;
		};
/* End PBXCopyFilesBuildPhase section */

/* Begin PBXFileReference section */
		B3748A2D25C6B03500B2DC61 /* libosmpoi.a */ = {isa = PBXFileReference; lastKnownFileType = archive.ar; name = libosmpoi.a; path = ../../target/release/libosmpoi.a; sourceTree = "<group>"; };
		B38E039D25C5A49800EF4813 /* QueryView.swift */ = {isa = PBXFileReference; lastKnownFileType = sourcecode.swift; path = QueryView.swift; sourceTree = "<group>"; };
		B38E03A225C5A4A500EF4813 /* DatasetsView.swift */ = {isa = PBXFileReference; lastKnownFileType = sourcecode.swift; path = DatasetsView.swift; sourceTree = "<group>"; };
		B38E03AA25C5B8F000EF4813 /* DataDirectory.swift */ = {isa = PBXFileReference; lastKnownFileType = sourcecode.swift; path = DataDirectory.swift; sourceTree = "<group>"; };
		B391AA8A25C4028300223132 /* libosmpoi.dylib */ = {isa = PBXFileReference; lastKnownFileType = "compiled.mach-o.dylib"; name = libosmpoi.dylib; path = ../../target/release/libosmpoi.dylib; sourceTree = "<group>"; };
		B3AB2DC125C5DE640014FF18 /* URL+.swift */ = {isa = PBXFileReference; lastKnownFileType = sourcecode.swift; path = "URL+.swift"; sourceTree = "<group>"; };
		B3AB2DD225C661D90014FF18 /* OsmPoi for MacOS-Bridging-Header.h */ = {isa = PBXFileReference; lastKnownFileType = sourcecode.c.h; path = "OsmPoi for MacOS-Bridging-Header.h"; sourceTree = "<group>"; };
		B3DB621B25C305940038826E /* OsmPoi for MacOS.app */ = {isa = PBXFileReference; explicitFileType = wrapper.application; includeInIndex = 0; path = "OsmPoi for MacOS.app"; sourceTree = BUILT_PRODUCTS_DIR; };
		B3DB621E25C305940038826E /* OsmPoi_for_MacOSApp.swift */ = {isa = PBXFileReference; lastKnownFileType = sourcecode.swift; path = OsmPoi_for_MacOSApp.swift; sourceTree = "<group>"; };
		B3DB622025C305940038826E /* ContentView.swift */ = {isa = PBXFileReference; lastKnownFileType = sourcecode.swift; path = ContentView.swift; sourceTree = "<group>"; };
		B3DB622225C305960038826E /* Assets.xcassets */ = {isa = PBXFileReference; lastKnownFileType = folder.assetcatalog; path = Assets.xcassets; sourceTree = "<group>"; };
		B3DB622525C305960038826E /* Preview Assets.xcassets */ = {isa = PBXFileReference; lastKnownFileType = folder.assetcatalog; path = "Preview Assets.xcassets"; sourceTree = "<group>"; };
		B3DB622725C305960038826E /* Info.plist */ = {isa = PBXFileReference; lastKnownFileType = text.plist.xml; path = Info.plist; sourceTree = "<group>"; };
		B3DB622825C305960038826E /* OsmPoi_for_MacOS.entitlements */ = {isa = PBXFileReference; lastKnownFileType = text.plist.entitlements; path = OsmPoi_for_MacOS.entitlements; sourceTree = "<group>"; };
		B3DB622D25C305960038826E /* OsmPoi for MacOSTests.xctest */ = {isa = PBXFileReference; explicitFileType = wrapper.cfbundle; includeInIndex = 0; path = "OsmPoi for MacOSTests.xctest"; sourceTree = BUILT_PRODUCTS_DIR; };
		B3DB623125C305960038826E /* OsmPoi_for_MacOSTests.swift */ = {isa = PBXFileReference; lastKnownFileType = sourcecode.swift; path = OsmPoi_for_MacOSTests.swift; sourceTree = "<group>"; };
		B3DB623325C305960038826E /* Info.plist */ = {isa = PBXFileReference; lastKnownFileType = text.plist.xml; path = Info.plist; sourceTree = "<group>"; };
		B3DB623825C305960038826E /* OsmPoi for MacOSUITests.xctest */ = {isa = PBXFileReference; explicitFileType = wrapper.cfbundle; includeInIndex = 0; path = "OsmPoi for MacOSUITests.xctest"; sourceTree = BUILT_PRODUCTS_DIR; };
		B3DB623C25C305960038826E /* OsmPoi_for_MacOSUITests.swift */ = {isa = PBXFileReference; lastKnownFileType = sourcecode.swift; path = OsmPoi_for_MacOSUITests.swift; sourceTree = "<group>"; };
		B3DB623E25C305960038826E /* Info.plist */ = {isa = PBXFileReference; lastKnownFileType = text.plist.xml; path = Info.plist; sourceTree = "<group>"; };
/* End PBXFileReference section */

/* Begin PBXFrameworksBuildPhase section */
		B3DB621825C305940038826E /* Frameworks */ = {
			isa = PBXFrameworksBuildPhase;
			buildActionMask = 2147483647;
			files = (
				B3FAC81325C6DDDC00C220CD /* libosmpoi.dylib in Frameworks */,
			);
			runOnlyForDeploymentPostprocessing = 0;
		};
		B3DB622A25C305960038826E /* Frameworks */ = {
			isa = PBXFrameworksBuildPhase;
			buildActionMask = 2147483647;
			files = (
			);
			runOnlyForDeploymentPostprocessing = 0;
		};
		B3DB623525C305960038826E /* Frameworks */ = {
			isa = PBXFrameworksBuildPhase;
			buildActionMask = 2147483647;
			files = (
			);
			runOnlyForDeploymentPostprocessing = 0;
		};
/* End PBXFrameworksBuildPhase section */

/* Begin PBXGroup section */
		B391AA8925C4028300223132 /* Frameworks */ = {
			isa = PBXGroup;
			children = (
				B3748A2D25C6B03500B2DC61 /* libosmpoi.a */,
				B391AA8A25C4028300223132 /* libosmpoi.dylib */,
			);
			name = Frameworks;
			sourceTree = "<group>";
		};
		B3DB621225C305940038826E = {
			isa = PBXGroup;
			children = (
				B3DB621D25C305940038826E /* OsmPoi for MacOS */,
				B3DB623025C305960038826E /* OsmPoi for MacOSTests */,
				B3DB623B25C305960038826E /* OsmPoi for MacOSUITests */,
				B3DB621C25C305940038826E /* Products */,
				B391AA8925C4028300223132 /* Frameworks */,
			);
			sourceTree = "<group>";
		};
		B3DB621C25C305940038826E /* Products */ = {
			isa = PBXGroup;
			children = (
				B3DB621B25C305940038826E /* OsmPoi for MacOS.app */,
				B3DB622D25C305960038826E /* OsmPoi for MacOSTests.xctest */,
				B3DB623825C305960038826E /* OsmPoi for MacOSUITests.xctest */,
			);
			name = Products;
			sourceTree = "<group>";
		};
		B3DB621D25C305940038826E /* OsmPoi for MacOS */ = {
			isa = PBXGroup;
			children = (
				B3DB621E25C305940038826E /* OsmPoi_for_MacOSApp.swift */,
				B3DB622025C305940038826E /* ContentView.swift */,
				B38E039D25C5A49800EF4813 /* QueryView.swift */,
				B38E03A225C5A4A500EF4813 /* DatasetsView.swift */,
				B3AB2DC125C5DE640014FF18 /* URL+.swift */,
				B38E03AA25C5B8F000EF4813 /* DataDirectory.swift */,
				B3DB622225C305960038826E /* Assets.xcassets */,
				B3DB622725C305960038826E /* Info.plist */,
				B3DB622825C305960038826E /* OsmPoi_for_MacOS.entitlements */,
				B3DB622425C305960038826E /* Preview Content */,
				B3AB2DD225C661D90014FF18 /* OsmPoi for MacOS-Bridging-Header.h */,
			);
			path = "OsmPoi for MacOS";
			sourceTree = "<group>";
		};
		B3DB622425C305960038826E /* Preview Content */ = {
			isa = PBXGroup;
			children = (
				B3DB622525C305960038826E /* Preview Assets.xcassets */,
			);
			path = "Preview Content";
			sourceTree = "<group>";
		};
		B3DB623025C305960038826E /* OsmPoi for MacOSTests */ = {
			isa = PBXGroup;
			children = (
				B3DB623125C305960038826E /* OsmPoi_for_MacOSTests.swift */,
				B3DB623325C305960038826E /* Info.plist */,
			);
			path = "OsmPoi for MacOSTests";
			sourceTree = "<group>";
		};
		B3DB623B25C305960038826E /* OsmPoi for MacOSUITests */ = {
			isa = PBXGroup;
			children = (
				B3DB623C25C305960038826E /* OsmPoi_for_MacOSUITests.swift */,
				B3DB623E25C305960038826E /* Info.plist */,
			);
			path = "OsmPoi for MacOSUITests";
			sourceTree = "<group>";
		};
/* End PBXGroup section */

/* Begin PBXNativeTarget section */
		B3DB621A25C305940038826E /* OsmPoi for MacOS */ = {
			isa = PBXNativeTarget;
			buildConfigurationList = B3DB624125C305960038826E /* Build configuration list for PBXNativeTarget "OsmPoi for MacOS" */;
			buildPhases = (
				B3FAC84325C6F7D100C220CD /* ShellScript */,
				B3DB621725C305940038826E /* Sources */,
				B3DB621825C305940038826E /* Frameworks */,
				B3DB621925C305940038826E /* Resources */,
				B3FAC81525C6DDDC00C220CD /* Embed Libraries */,
			);
			buildRules = (
			);
			dependencies = (
			);
			name = "OsmPoi for MacOS";
			packageProductDependencies = (
			);
			productName = "OsmPoi for MacOS";
			productReference = B3DB621B25C305940038826E /* OsmPoi for MacOS.app */;
			productType = "com.apple.product-type.application";
		};
		B3DB622C25C305960038826E /* OsmPoi for MacOSTests */ = {
			isa = PBXNativeTarget;
			buildConfigurationList = B3DB624425C305960038826E /* Build configuration list for PBXNativeTarget "OsmPoi for MacOSTests" */;
			buildPhases = (
				B3DB622925C305960038826E /* Sources */,
				B3DB622A25C305960038826E /* Frameworks */,
				B3DB622B25C305960038826E /* Resources */,
			);
			buildRules = (
			);
			dependencies = (
				B3DB622F25C305960038826E /* PBXTargetDependency */,
			);
			name = "OsmPoi for MacOSTests";
			productName = "OsmPoi for MacOSTests";
			productReference = B3DB622D25C305960038826E /* OsmPoi for MacOSTests.xctest */;
			productType = "com.apple.product-type.bundle.unit-test";
		};
		B3DB623725C305960038826E /* OsmPoi for MacOSUITests */ = {
			isa = PBXNativeTarget;
			buildConfigurationList = B3DB624725C305960038826E /* Build configuration list for PBXNativeTarget "OsmPoi for MacOSUITests" */;
			buildPhases = (
				B3DB623425C305960038826E /* Sources */,
				B3DB623525C305960038826E /* Frameworks */,
				B3DB623625C305960038826E /* Resources */,
			);
			buildRules = (
			);
			dependencies = (
				B3DB623A25C305960038826E /* PBXTargetDependency */,
			);
			name = "OsmPoi for MacOSUITests";
			productName = "OsmPoi for MacOSUITests";
			productReference = B3DB623825C305960038826E /* OsmPoi for MacOSUITests.xctest */;
			productType = "com.apple.product-type.bundle.ui-testing";
		};
/* End PBXNativeTarget section */

/* Begin PBXProject section */
		B3DB621325C305940038826E /* Project object */ = {
			isa = PBXProject;
			attributes = {
				LastSwiftUpdateCheck = 1230;
				LastUpgradeCheck = 1230;
				TargetAttributes = {
					B3DB621A25C305940038826E = {
						CreatedOnToolsVersion = 12.3;
						LastSwiftMigration = 1230;
					};
					B3DB622C25C305960038826E = {
						CreatedOnToolsVersion = 12.3;
						TestTargetID = B3DB621A25C305940038826E;
					};
					B3DB623725C305960038826E = {
						CreatedOnToolsVersion = 12.3;
						TestTargetID = B3DB621A25C305940038826E;
					};
				};
			};
			buildConfigurationList = B3DB621625C305940038826E /* Build configuration list for PBXProject "OsmPoi for MacOS" */;
			compatibilityVersion = "Xcode 9.3";
			developmentRegion = en;
			hasScannedForEncodings = 0;
			knownRegions = (
				en,
				Base,
			);
			mainGroup = B3DB621225C305940038826E;
			packageReferences = (
			);
			productRefGroup = B3DB621C25C305940038826E /* Products */;
			projectDirPath = "";
			projectRoot = "";
			targets = (
				B3DB621A25C305940038826E /* OsmPoi for MacOS */,
				B3DB622C25C305960038826E /* OsmPoi for MacOSTests */,
				B3DB623725C305960038826E /* OsmPoi for MacOSUITests */,
			);
		};
/* End PBXProject section */

/* Begin PBXResourcesBuildPhase section */
		B3DB621925C305940038826E /* Resources */ = {
			isa = PBXResourcesBuildPhase;
			buildActionMask = 2147483647;
			files = (
				B3DB622625C305960038826E /* Preview Assets.xcassets in Resources */,
				B3DB622325C305960038826E /* Assets.xcassets in Resources */,
			);
			runOnlyForDeploymentPostprocessing = 0;
		};
		B3DB622B25C305960038826E /* Resources */ = {
			isa = PBXResourcesBuildPhase;
			buildActionMask = 2147483647;
			files = (
			);
			runOnlyForDeploymentPostprocessing = 0;
		};
		B3DB623625C305960038826E /* Resources */ = {
			isa = PBXResourcesBuildPhase;
			buildActionMask = 2147483647;
			files = (
			);
			runOnlyForDeploymentPostprocessing = 0;
		};
/* End PBXResourcesBuildPhase section */

/* Begin PBXShellScriptBuildPhase section */
		B3FAC84325C6F7D100C220CD /* ShellScript */ = {
			isa = PBXShellScriptBuildPhase;
			buildActionMask = 2147483647;
			files = (
			);
			inputFileListPaths = (
			);
			inputPaths = (
			);
			outputFileListPaths = (
			);
			outputPaths = (
			);
			runOnlyForDeploymentPostprocessing = 0;
			shellPath = /bin/sh;
			shellScript = "install_name_tool -id \"@rpath/libosmpoi.dylib\" ../../target/release/libosmpoi.dylib\n";
		};
/* End PBXShellScriptBuildPhase section */

/* Begin PBXSourcesBuildPhase section */
		B3DB621725C305940038826E /* Sources */ = {
			isa = PBXSourcesBuildPhase;
			buildActionMask = 2147483647;
			files = (
				B3DB622125C305940038826E /* ContentView.swift in Sources */,
				B3AB2DC225C5DE640014FF18 /* URL+.swift in Sources */,
				B38E03AB25C5B8F000EF4813 /* DataDirectory.swift in Sources */,
				B38E03A325C5A4A500EF4813 /* DatasetsView.swift in Sources */,
				B38E039E25C5A49800EF4813 /* QueryView.swift in Sources */,
				B3DB621F25C305940038826E /* OsmPoi_for_MacOSApp.swift in Sources */,
			);
			runOnlyForDeploymentPostprocessing = 0;
		};
		B3DB622925C305960038826E /* Sources */ = {
			isa = PBXSourcesBuildPhase;
			buildActionMask = 2147483647;
			files = (
				B3DB623225C305960038826E /* OsmPoi_for_MacOSTests.swift in Sources */,
			);
			runOnlyForDeploymentPostprocessing = 0;
		};
		B3DB623425C305960038826E /* Sources */ = {
			isa = PBXSourcesBuildPhase;
			buildActionMask = 2147483647;
			files = (
				B3DB623D25C305960038826E /* OsmPoi_for_MacOSUITests.swift in Sources */,
			);
			runOnlyForDeploymentPostprocessing = 0;
		};
/* End PBXSourcesBuildPhase section */

/* Begin PBXTargetDependency section */
		B3DB622F25C305960038826E /* PBXTargetDependency */ = {
			isa = PBXTargetDependency;
			target = B3DB621A25C305940038826E /* OsmPoi for MacOS */;
			targetProxy = B3DB622E25C305960038826E /* PBXContainerItemProxy */;
		};
		B3DB623A25C305960038826E /* PBXTargetDependency */ = {
			isa = PBXTargetDependency;
			target = B3DB621A25C305940038826E /* OsmPoi for MacOS */;
			targetProxy = B3DB623925C305960038826E /* PBXContainerItemProxy */;
		};
/* End PBXTargetDependency section */

/* Begin XCBuildConfiguration section */
		B3DB623F25C305960038826E /* Debug */ = {
			isa = XCBuildConfiguration;
			buildSettings = {
				ALWAYS_SEARCH_USER_PATHS = NO;
				CLANG_ANALYZER_NONNULL = YES;
				CLANG_ANALYZER_NUMBER_OBJECT_CONVERSION = YES_AGGRESSIVE;
				CLANG_CXX_LANGUAGE_STANDARD = "gnu++14";
				CLANG_CXX_LIBRARY = "libc++";
				CLANG_ENABLE_MODULES = YES;
				CLANG_ENABLE_OBJC_ARC = YES;
				CLANG_ENABLE_OBJC_WEAK = YES;
				CLANG_WARN_BLOCK_CAPTURE_AUTORELEASING = YES;
				CLANG_WARN_BOOL_CONVERSION = YES;
				CLANG_WARN_COMMA = YES;
				CLANG_WARN_CONSTANT_CONVERSION = YES;
				CLANG_WARN_DEPRECATED_OBJC_IMPLEMENTATIONS = YES;
				CLANG_WARN_DIRECT_OBJC_ISA_USAGE = YES_ERROR;
				CLANG_WARN_DOCUMENTATION_COMMENTS = YES;
				CLANG_WARN_EMPTY_BODY = YES;
				CLANG_WARN_ENUM_CONVERSION = YES;
				CLANG_WARN_INFINITE_RECURSION = YES;
				CLANG_WARN_INT_CONVERSION = YES;
				CLANG_WARN_NON_LITERAL_NULL_CONVERSION = YES;
				CLANG_WARN_OBJC_IMPLICIT_RETAIN_SELF = YES;
				CLANG_WARN_OBJC_LITERAL_CONVERSION = YES;
				CLANG_WARN_OBJC_ROOT_CLASS = YES_ERROR;
				CLANG_WARN_QUOTED_INCLUDE_IN_FRAMEWORK_HEADER = YES;
				CLANG_WARN_RANGE_LOOP_ANALYSIS = YES;
				CLANG_WARN_STRICT_PROTOTYPES = YES;
				CLANG_WARN_SUSPICIOUS_MOVE = YES;
				CLANG_WARN_UNGUARDED_AVAILABILITY = YES_AGGRESSIVE;
				CLANG_WARN_UNREACHABLE_CODE = YES;
				CLANG_WARN__DUPLICATE_METHOD_MATCH = YES;
				COPY_PHASE_STRIP = NO;
				DEBUG_INFORMATION_FORMAT = dwarf;
				ENABLE_STRICT_OBJC_MSGSEND = YES;
				ENABLE_TESTABILITY = YES;
				EXCLUDED_ARCHS = arm64;
				GCC_C_LANGUAGE_STANDARD = gnu11;
				GCC_DYNAMIC_NO_PIC = NO;
				GCC_NO_COMMON_BLOCKS = YES;
				GCC_OPTIMIZATION_LEVEL = 0;
				GCC_PREPROCESSOR_DEFINITIONS = (
					"DEBUG=1",
					"$(inherited)",
				);
				GCC_WARN_64_TO_32_BIT_CONVERSION = YES;
				GCC_WARN_ABOUT_RETURN_TYPE = YES_ERROR;
				GCC_WARN_UNDECLARED_SELECTOR = YES;
				GCC_WARN_UNINITIALIZED_AUTOS = YES_AGGRESSIVE;
				GCC_WARN_UNUSED_FUNCTION = YES;
				GCC_WARN_UNUSED_VARIABLE = YES;
				MACOSX_DEPLOYMENT_TARGET = 11.1;
				MTL_ENABLE_DEBUG_INFO = INCLUDE_SOURCE;
				MTL_FAST_MATH = YES;
				ONLY_ACTIVE_ARCH = YES;
				SDKROOT = macosx;
				SWIFT_ACTIVE_COMPILATION_CONDITIONS = DEBUG;
				SWIFT_OPTIMIZATION_LEVEL = "-Onone";
			};
			name = Debug;
		};
		B3DB624025C305960038826E /* Release */ = {
			isa = XCBuildConfiguration;
			buildSettings = {
				ALWAYS_SEARCH_USER_PATHS = NO;
				CLANG_ANALYZER_NONNULL = YES;
				CLANG_ANALYZER_NUMBER_OBJECT_CONVERSION = YES_AGGRESSIVE;
				CLANG_CXX_LANGUAGE_STANDARD = "gnu++14";
				CLANG_CXX_LIBRARY = "libc++";
				CLANG_ENABLE_MODULES = YES;
				CLANG_ENABLE_OBJC_ARC = YES;
				CLANG_ENABLE_OBJC_WEAK = YES;
				CLANG_WARN_BLOCK_CAPTURE_AUTORELEASING = YES;
				CLANG_WARN_BOOL_CONVERSION = YES;
				CLANG_WARN_COMMA = YES;
				CLANG_WARN_CONSTANT_CONVERSION = YES;
				CLANG_WARN_DEPRECATED_OBJC_IMPLEMENTATIONS = YES;
				CLANG_WARN_DIRECT_OBJC_ISA_USAGE = YES_ERROR;
				CLANG_WARN_DOCUMENTATION_COMMENTS = YES;
				CLANG_WARN_EMPTY_BODY = YES;
				CLANG_WARN_ENUM_CONVERSION = YES;
				CLANG_WARN_INFINITE_RECURSION = YES;
				CLANG_WARN_INT_CONVERSION = YES;
				CLANG_WARN_NON_LITERAL_NULL_CONVERSION = YES;
				CLANG_WARN_OBJC_IMPLICIT_RETAIN_SELF = YES;
				CLANG_WARN_OBJC_LITERAL_CONVERSION = YES;
				CLANG_WARN_OBJC_ROOT_CLASS = YES_ERROR;
				CLANG_WARN_QUOTED_INCLUDE_IN_FRAMEWORK_HEADER = YES;
				CLANG_WARN_RANGE_LOOP_ANALYSIS = YES;
				CLANG_WARN_STRICT_PROTOTYPES = YES;
				CLANG_WARN_SUSPICIOUS_MOVE = YES;
				CLANG_WARN_UNGUARDED_AVAILABILITY = YES_AGGRESSIVE;
				CLANG_WARN_UNREACHABLE_CODE = YES;
				CLANG_WARN__DUPLICATE_METHOD_MATCH = YES;
				COPY_PHASE_STRIP = NO;
				DEBUG_INFORMATION_FORMAT = "dwarf-with-dsym";
				ENABLE_NS_ASSERTIONS = NO;
				ENABLE_STRICT_OBJC_MSGSEND = YES;
				EXCLUDED_ARCHS = arm64;
				GCC_C_LANGUAGE_STANDARD = gnu11;
				GCC_NO_COMMON_BLOCKS = YES;
				GCC_WARN_64_TO_32_BIT_CONVERSION = YES;
				GCC_WARN_ABOUT_RETURN_TYPE = YES_ERROR;
				GCC_WARN_UNDECLARED_SELECTOR = YES;
				GCC_WARN_UNINITIALIZED_AUTOS = YES_AGGRESSIVE;
				GCC_WARN_UNUSED_FUNCTION = YES;
				GCC_WARN_UNUSED_VARIABLE = YES;
				MACOSX_DEPLOYMENT_TARGET = 11.1;
				MTL_ENABLE_DEBUG_INFO = NO;
				MTL_FAST_MATH = YES;
				SDKROOT = macosx;
				SWIFT_COMPILATION_MODE = wholemodule;
				SWIFT_OPTIMIZATION_LEVEL = "-O";
			};
			name = Release;
		};
		B3DB624225C305960038826E /* Debug */ = {
			isa = XCBuildConfiguration;
			buildSettings = {
				ASSETCATALOG_COMPILER_APPICON_NAME = AppIcon;
				ASSETCATALOG_COMPILER_GLOBAL_ACCENT_COLOR_NAME = AccentColor;
				CLANG_ENABLE_MODULES = YES;
				CODE_SIGN_ENTITLEMENTS = "OsmPoi for MacOS/OsmPoi_for_MacOS.entitlements";
				CODE_SIGN_IDENTITY = "-";
				CODE_SIGN_STYLE = Automatic;
				COMBINE_HIDPI_IMAGES = YES;
				DEVELOPMENT_ASSET_PATHS = "\"OsmPoi for MacOS/Preview Content\"";
				DEVELOPMENT_TEAM = 68GLFMB9Z9;
				ENABLE_HARDENED_RUNTIME = YES;
				ENABLE_PREVIEWS = YES;
				HEADER_SEARCH_PATHS = "$(SRCROOT)/../../osmpoi/include/";
				INFOPLIST_FILE = "OsmPoi for MacOS/Info.plist";
				LD_RUNPATH_SEARCH_PATHS = (
					"$(inherited)",
					"@executable_path/../Frameworks",
				);
				LIBRARY_SEARCH_PATHS = "$(SRCROOT)/../../target/release/";
				MACOSX_DEPLOYMENT_TARGET = 11.0;
				MARKETING_VERSION = "0.1-alpha";
				PRODUCT_BUNDLE_IDENTIFIER = "com.interflow.OsmPoi-for-MacOS";
				PRODUCT_NAME = "$(TARGET_NAME)";
				PROVISIONING_PROFILE_SPECIFIER = "";
				SWIFT_OBJC_BRIDGING_HEADER = "OsmPoi for MacOS/OsmPoi for MacOS-Bridging-Header.h";
				SWIFT_OPTIMIZATION_LEVEL = "-Onone";
				SWIFT_VERSION = 5.0;
			};
			name = Debug;
		};
		B3DB624325C305960038826E /* Release */ = {
			isa = XCBuildConfiguration;
			buildSettings = {
				ASSETCATALOG_COMPILER_APPICON_NAME = AppIcon;
				ASSETCATALOG_COMPILER_GLOBAL_ACCENT_COLOR_NAME = AccentColor;
				CLANG_ENABLE_MODULES = YES;
				CODE_SIGN_ENTITLEMENTS = "OsmPoi for MacOS/OsmPoi_for_MacOS.entitlements";
				CODE_SIGN_IDENTITY = "-";
				CODE_SIGN_STYLE = Automatic;
				COMBINE_HIDPI_IMAGES = YES;
				DEVELOPMENT_ASSET_PATHS = "\"OsmPoi for MacOS/Preview Content\"";
				DEVELOPMENT_TEAM = 68GLFMB9Z9;
				ENABLE_HARDENED_RUNTIME = YES;
				ENABLE_PREVIEWS = YES;
				HEADER_SEARCH_PATHS = "$(SRCROOT)/../../osmpoi/include/";
				INFOPLIST_FILE = "OsmPoi for MacOS/Info.plist";
				LD_RUNPATH_SEARCH_PATHS = (
					"$(inherited)",
					"@executable_path/../Frameworks",
				);
				LIBRARY_SEARCH_PATHS = "$(SRCROOT)/../../target/release/";
				MACOSX_DEPLOYMENT_TARGET = 11.0;
				MARKETING_VERSION = "0.1-alpha";
				PRODUCT_BUNDLE_IDENTIFIER = "com.interflow.OsmPoi-for-MacOS";
				PRODUCT_NAME = "$(TARGET_NAME)";
				PROVISIONING_PROFILE_SPECIFIER = "";
				SWIFT_OBJC_BRIDGING_HEADER = "OsmPoi for MacOS/OsmPoi for MacOS-Bridging-Header.h";
				SWIFT_VERSION = 5.0;
			};
			name = Release;
		};
		B3DB624525C305960038826E /* Debug */ = {
			isa = XCBuildConfiguration;
			buildSettings = {
				ALWAYS_EMBED_SWIFT_STANDARD_LIBRARIES = YES;
				BUNDLE_LOADER = "$(TEST_HOST)";
				CODE_SIGN_STYLE = Automatic;
				COMBINE_HIDPI_IMAGES = YES;
				DEVELOPMENT_TEAM = 68GLFMB9Z9;
				INFOPLIST_FILE = "OsmPoi for MacOSTests/Info.plist";
				LD_RUNPATH_SEARCH_PATHS = (
					"$(inherited)",
					"@executable_path/../Frameworks",
					"@loader_path/../Frameworks",
				);
				MACOSX_DEPLOYMENT_TARGET = 11.0;
				PRODUCT_BUNDLE_IDENTIFIER = "com.interflow.OsmPoi-for-MacOSTests";
				PRODUCT_NAME = "$(TARGET_NAME)";
				SWIFT_VERSION = 5.0;
				TEST_HOST = "$(BUILT_PRODUCTS_DIR)/OsmPoi for MacOS.app/Contents/MacOS/OsmPoi for MacOS";
			};
			name = Debug;
		};
		B3DB624625C305960038826E /* Release */ = {
			isa = XCBuildConfiguration;
			buildSettings = {
				ALWAYS_EMBED_SWIFT_STANDARD_LIBRARIES = YES;
				BUNDLE_LOADER = "$(TEST_HOST)";
				CODE_SIGN_STYLE = Automatic;
				COMBINE_HIDPI_IMAGES = YES;
				DEVELOPMENT_TEAM = 68GLFMB9Z9;
				INFOPLIST_FILE = "OsmPoi for MacOSTests/Info.plist";
				LD_RUNPATH_SEARCH_PATHS = (
					"$(inherited)",
					"@executable_path/../Frameworks",
					"@loader_path/../Frameworks",
				);
				MACOSX_DEPLOYMENT_TARGET = 11.0;
				PRODUCT_BUNDLE_IDENTIFIER = "com.interflow.OsmPoi-for-MacOSTests";
				PRODUCT_NAME = "$(TARGET_NAME)";
				SWIFT_VERSION = 5.0;
				TEST_HOST = "$(BUILT_PRODUCTS_DIR)/OsmPoi for MacOS.app/Contents/MacOS/OsmPoi for MacOS";
			};
			name = Release;
		};
		B3DB624825C305960038826E /* Debug */ = {
			isa = XCBuildConfiguration;
			buildSettings = {
				ALWAYS_EMBED_SWIFT_STANDARD_LIBRARIES = YES;
				CODE_SIGN_STYLE = Automatic;
				COMBINE_HIDPI_IMAGES = YES;
				DEVELOPMENT_TEAM = 68GLFMB9Z9;
				INFOPLIST_FILE = "OsmPoi for MacOSUITests/Info.plist";
				LD_RUNPATH_SEARCH_PATHS = (
					"$(inherited)",
					"@executable_path/../Frameworks",
					"@loader_path/../Frameworks",
				);
				PRODUCT_BUNDLE_IDENTIFIER = "com.interflow.OsmPoi-for-MacOSUITests";
				PRODUCT_NAME = "$(TARGET_NAME)";
				SWIFT_VERSION = 5.0;
				TEST_TARGET_NAME = "OsmPoi for MacOS";
			};
			name = Debug;
		};
		B3DB624925C305960038826E /* Release */ = {
			isa = XCBuildConfiguration;
			buildSettings = {
				ALWAYS_EMBED_SWIFT_STANDARD_LIBRARIES = YES;
				CODE_SIGN_STYLE = Automatic;
				COMBINE_HIDPI_IMAGES = YES;
				DEVELOPMENT_TEAM = 68GLFMB9Z9;
				INFOPLIST_FILE = "OsmPoi for MacOSUITests/Info.plist";
				LD_RUNPATH_SEARCH_PATHS = (
					"$(inherited)",
					"@executable_path/../Frameworks",
					"@loader_path/../Frameworks",
				);
				PRODUCT_BUNDLE_IDENTIFIER = "com.interflow.OsmPoi-for-MacOSUITests";
				PRODUCT_NAME = "$(TARGET_NAME)";
				SWIFT_VERSION = 5.0;
				TEST_TARGET_NAME = "OsmPoi for MacOS";
			};
			name = Release;
		};
/* End XCBuildConfiguration section */

/* Begin XCConfigurationList section */
		B3DB621625C305940038826E /* Build configuration list for PBXProject "OsmPoi for MacOS" */ = {
			isa = XCConfigurationList;
			buildConfigurations = (
				B3DB623F25C305960038826E /* Debug */,
				B3DB624025C305960038826E /* Release */,
			);
			defaultConfigurationIsVisible = 0;
			defaultConfigurationName = Release;
		};
		B3DB624125C305960038826E /* Build configuration list for PBXNativeTarget "OsmPoi for MacOS" */ = {
			isa = XCConfigurationList;
			buildConfigurations = (
				B3DB624225C305960038826E /* Debug */,
				B3DB624325C305960038826E /* Release */,
			);
			defaultConfigurationIsVisible = 0;
			defaultConfigurationName = Release;
		};
		B3DB624425C305960038826E /* Build configuration list for PBXNativeTarget "OsmPoi for MacOSTests" */ = {
			isa = XCConfigurationList;
			buildConfigurations = (
				B3DB624525C305960038826E /* Debug */,
				B3DB624625C305960038826E /* Release */,
			);
			defaultConfigurationIsVisible = 0;
			defaultConfigurationName = Release;
		};
		B3DB624725C305960038826E /* Build configuration list for PBXNativeTarget "OsmPoi for MacOSUITests" */ = {
			isa = XCConfigurationList;
			buildConfigurations = (
				B3DB624825C305960038826E /* Debug */,
				B3DB624925C305960038826E /* Release */,
			);
			defaultConfigurationIsVisible = 0;
			defaultConfigurationName = Release;
		};
/* End XCConfigurationList section */
	};
	rootObject = B3DB621325C305940038826E /* Project object */;
}
